
Microsoft Visual Studio Solution File, Format Version 12.00
# Visual Studio Version 17
VisualStudioVersion = 17.4.33213.308
MinimumVisualStudioVersion = 10.0.40219.1
Project("{FAE04EC0-301F-11D3-BF4B-00C04F79EFBC}") = "ApiGestionPersonas", "ApiGestionPersonas.csproj", "{2BCEA1F2-927E-4C2D-B513-34898E1997AB}"
EndProject
Global
	GlobalSection(SolutionConfigurationPlatforms) = preSolution
		Debug|Any CPU = Debug|Any CPU
		Release|Any CPU = Release|Any CPU
	EndGlobalSection
	GlobalSection(ProjectConfigurationPlatforms) = postSolution
		{2BCEA1F2-927E-4C2D-B513-34898E1997AB}.Debug|Any CPU.ActiveCfg = Debug|Any CPU
		{2BCEA1F2-927E-4C2D-B513-34898E1997AB}.Debug|Any CPU.Build.0 = Debug|Any CPU
		{2BCEA1F2-927E-4C2D-B513-34898E1997AB}.Release|Any CPU.ActiveCfg = Release|Any CPU
		{2BCEA1F2-927E-4C2D-B513-34898E1997AB}.Release|Any CPU.Build.0 = Release|Any CPU
	EndGlobalSection
	GlobalSection(SolutionProperties) = preSolution
		HideSolutionNode = FALSE
	EndGlobalSection
	GlobalSection(ExtensibilityGlobals) = postSolution
		SolutionGuid = {3028309F-F488-47E1-A41A-912B0271F124}
	EndGlobalSection
EndGlobal
